
Microsoft Visual Studio Solution File, Format Version 12.00
# Visual Studio Version 17
VisualStudioVersion = 17.6.33723.286
MinimumVisualStudioVersion = 10.0.40219.1
Project("{9A19103F-16F7-4668-BE54-9A1E7A4F7556}") = "Laba5and6", "Laba5and6\Laba5and6.csproj", "{29544BE0-C827-421B-9AE9-C9D112DDA77B}"
EndProject
Project("{FAE04EC0-301F-11D3-BF4B-00C04F79EFBC}") = "Core", "Core\Core.csproj", "{336A89A0-7D52-4D5E-BE68-47E5A4FDD780}"
EndProject
Global
	GlobalSection(SolutionConfigurationPlatforms) = preSolution
		Debug|Any CPU = Debug|Any CPU
		Release|Any CPU = Release|Any CPU
	EndGlobalSection
	GlobalSection(ProjectConfigurationPlatforms) = postSolution
		{29544BE0-C827-421B-9AE9-C9D112DDA77B}.Debug|Any CPU.ActiveCfg = Debug|Any CPU
		{29544BE0-C827-421B-9AE9-C9D112DDA77B}.Debug|Any CPU.Build.0 = Debug|Any CPU
		{29544BE0-C827-421B-9AE9-C9D112DDA77B}.Release|Any CPU.ActiveCfg = Release|Any CPU
		{29544BE0-C827-421B-9AE9-C9D112DDA77B}.Release|Any CPU.Build.0 = Release|Any CPU
		{336A89A0-7D52-4D5E-BE68-47E5A4FDD780}.Debug|Any CPU.ActiveCfg = Debug|Any CPU
		{336A89A0-7D52-4D5E-BE68-47E5A4FDD780}.Debug|Any CPU.Build.0 = Debug|Any CPU
		{336A89A0-7D52-4D5E-BE68-47E5A4FDD780}.Release|Any CPU.ActiveCfg = Release|Any CPU
		{336A89A0-7D52-4D5E-BE68-47E5A4FDD780}.Release|Any CPU.Build.0 = Release|Any CPU
	EndGlobalSection
	GlobalSection(SolutionProperties) = preSolution
		HideSolutionNode = FALSE
	EndGlobalSection
	GlobalSection(ExtensibilityGlobals) = postSolution
		SolutionGuid = {16D3708A-7B40-4FE4-9269-D4BEF30DA739}
	EndGlobalSection
EndGlobal
